{
  "name": "rollup-plugin-assetize",
  "version": "1.0.1",
  "lockfileVersion": 1,
  "requires": true,
  "dependencies": {
    "@leizm/html-parser": {
      "version": "1.0.0-rc7",
      "resolved": "https://registry.npmjs.org/@leizm/html-parser/-/html-parser-1.0.0-rc7.tgz",
      "integrity": "sha512-ZbBvW1u74w5PKR40s25rdoRV6tWVXMKbjHFxlR57rotpI6Fxt60xK/yaBH8CNJL2JInKJb6sfXzUxDHBE4HfjA=="
    },
    "@types/estree": {
      "version": "0.0.39",
      "resolved": "https://registry.npmjs.org/@types/estree/-/estree-0.0.39.tgz",
      "integrity": "sha512-EYNwp3bU+98cpU4lAWYYL7Zz+2gryWH1qbdDTidVd6hkiR6weksdbMadyXKXNPEkQFhXM+hVO9ZygomHXp+AIw==",
      "dev": true
    },
    "@types/node": {
      "version": "10.9.2",
      "resolved": "https://registry.npmjs.org/@types/node/-/node-10.9.2.tgz",
      "integrity": "sha512-pwZnkVyCGJ3LsQ0/3flQK5lCFao4esIzwUVzzk5NvL9vnkEyDhNf4fhHzUMHvyr56gNZywWTS2MR0euabMSz4A==",
      "dev": true
    },
    "buffer-from": {
      "version": "1.1.1",
      "resolved": "https://registry.npmjs.org/buffer-from/-/buffer-from-1.1.1.tgz",
      "integrity": "sha512-MQcXEUbCKtEo7bhqEs6560Hyd4XaovZlO/k9V3hjVUF/zwW7KBVdSK4gIt/bzwS9MbR5qob+F5jusZsb0YQK2A=="
    },
    "commander": {
      "version": "2.16.0",
      "resolved": "https://registry.npmjs.org/commander/-/commander-2.16.0.tgz",
      "integrity": "sha512-sVXqklSaotK9at437sFlFpyOcJonxe0yST/AG9DkQKUdIE6IqGIMv4SfAQSKaJbSdVEJYItASCrBiVQHq1HQew=="
    },
    "css-tree": {
      "version": "1.0.0-alpha.29",
      "resolved": "https://registry.npmjs.org/css-tree/-/css-tree-1.0.0-alpha.29.tgz",
      "integrity": "sha512-sRNb1XydwkW9IOci6iB2xmy8IGCj6r/fr+JWitvJ2JxQRPzN3T4AGGVWCMlVmVwM1gtgALJRmGIlWv5ppnGGkg==",
      "requires": {
        "mdn-data": "~1.1.0",
        "source-map": "^0.5.3"
      }
    },
    "csso": {
      "version": "3.5.1",
      "resolved": "https://registry.npmjs.org/csso/-/csso-3.5.1.tgz",
      "integrity": "sha512-vrqULLffYU1Q2tLdJvaCYbONStnfkfimRxXNaGjxMldI0C7JPBC4rB1RyjhfdZ4m1frm8pM9uRPKH3d2knZ8gg==",
      "requires": {
        "css-tree": "1.0.0-alpha.29"
      }
    },
    "mdn-data": {
      "version": "1.1.4",
      "resolved": "https://registry.npmjs.org/mdn-data/-/mdn-data-1.1.4.tgz",
      "integrity": "sha512-FSYbp3lyKjyj3E7fMl6rYvUdX0FBXaluGqlFoYESWQlyUTq8R+wp0rkFxoYFqZlHCvsUXGjyJmLQSnXToYhOSA=="
    },
    "rollup": {
      "version": "0.65.0",
      "resolved": "https://registry.npmjs.org/rollup/-/rollup-0.65.0.tgz",
      "integrity": "sha512-en95i7zwW5IiWay6DR/6QV8TxO2LvWuCjHYDcgP96oVG/gPnWWzsxNViObhoJUs17bAj2RgB67WuBuGmysZZcw==",
      "dev": true,
      "requires": {
        "@types/estree": "0.0.39",
        "@types/node": "*"
      }
    },
    "rollup-plugin-tsc": {
      "version": "1.1.11",
      "resolved": "https://registry.npmjs.org/rollup-plugin-tsc/-/rollup-plugin-tsc-1.1.11.tgz",
      "integrity": "sha512-H9/6+3pP0nJxEriYEdMTBlJuxUJP1eA+v1mrH/sqJPfKuEkTEdjTLa7y43PPxXTYeXFK+wfQFWdCdPPyRYoHGA==",
      "dev": true,
      "requires": {
        "tslib": "^1.9.3",
        "typescript": "^3.0.1"
      }
    },
    "source-map": {
      "version": "0.5.7",
      "resolved": "https://registry.npmjs.org/source-map/-/source-map-0.5.7.tgz",
      "integrity": "sha1-igOdLRAh0i0eoUyA2OpGi6LvP8w="
    },
    "source-map-support": {
      "version": "0.5.9",
      "resolved": "https://registry.npmjs.org/source-map-support/-/source-map-support-0.5.9.tgz",
      "integrity": "sha512-gR6Rw4MvUlYy83vP0vxoVNzM6t8MUXqNuRsuBmBHQDu1Fh6X015FrLdgoDKcNdkwGubozq0P4N0Q37UyFVr1EA==",
      "requires": {
        "buffer-from": "^1.0.0",
        "source-map": "^0.6.0"
      },
      "dependencies": {
        "source-map": {
          "version": "0.6.1",
          "resolved": "https://registry.npmjs.org/source-map/-/source-map-0.6.1.tgz",
          "integrity": "sha512-UjgapumWlbMhkBgzT7Ykc5YXUT46F0iKu8SGXq0bcwP5dz/h0Plj6enJqjz1Zbq2l5WaqYnrVbwWOWMyF3F47g=="
        }
      }
    },
    "terser": {
      "version": "3.8.1",
      "resolved": "https://registry.npmjs.org/terser/-/terser-3.8.1.tgz",
      "integrity": "sha512-FRin3gKQ0vm0xPPLuxw1FqpVgv1b2pBpYCaFb5qe6A7sD749Fnq1VbDiX3CEFM0BV0fqDzFtBfgmxhxCdzKQIg==",
      "requires": {
        "commander": "~2.16.0",
        "source-map": "~0.6.1",
        "source-map-support": "~0.5.6"
      },
      "dependencies": {
        "source-map": {
          "version": "0.6.1",
          "resolved": "https://registry.npmjs.org/source-map/-/source-map-0.6.1.tgz",
          "integrity": "sha512-UjgapumWlbMhkBgzT7Ykc5YXUT46F0iKu8SGXq0bcwP5dz/h0Plj6enJqjz1Zbq2l5WaqYnrVbwWOWMyF3F47g=="
        }
      }
    },
    "tslib": {
      "version": "1.9.3",
      "resolved": "https://registry.npmjs.org/tslib/-/tslib-1.9.3.tgz",
      "integrity": "sha512-4krF8scpejhaOgqzBEcGM7yDIEfi0/8+8zDRZhNZZ2kjmHJ4hv3zCbQWxoJGz1iw5U0Jl0nma13xzHXcncMavQ==",
      "dev": true
    },
    "typescript": {
      "version": "3.0.1",
      "resolved": "https://registry.npmjs.org/typescript/-/typescript-3.0.1.tgz",
      "integrity": "sha512-zQIMOmC+372pC/CCVLqnQ0zSBiY7HHodU7mpQdjiZddek4GMj31I3dUJ7gAs9o65X7mnRma6OokOkc6f9jjfBg==",
      "dev": true
    }
  }
}
